// !$*UTF8*$!
{
	archiveVersion = 1;
	classes = {
	};
	objectVersion = 50;
	objects = {

/* Begin PBXBuildFile section */
		7DF6742726FA1746002B8B0F /* AppDelegate.swift in Sources */ = {isa = PBXBuildFile; fileRef = 7DF6742626FA1746002B8B0F /* AppDelegate.swift */; };
		7DF6742926FA1746002B8B0F /* SceneDelegate.swift in Sources */ = {isa = PBXBuildFile; fileRef = 7DF6742826FA1746002B8B0F /* SceneDelegate.swift */; };
		7DF6742B26FA1746002B8B0F /* ContentView.swift in Sources */ = {isa = PBXBuildFile; fileRef = 7DF6742A26FA1746002B8B0F /* ContentView.swift */; };
		7DF6742D26FA174E002B8B0F /* Assets.xcassets in Resources */ = {isa = PBXBuildFile; fileRef = 7DF6742C26FA174E002B8B0F /* Assets.xcassets */; };
		7DF6743026FA174E002B8B0F /* Preview Assets.xcassets in Resources */ = {isa = PBXBuildFile; fileRef = 7DF6742F26FA174E002B8B0F /* Preview Assets.xcassets */; };
		7DF6743326FA174E002B8B0F /* LaunchScreen.storyboard in Resources */ = {isa = PBXBuildFile; fileRef = 7DF6743126FA174E002B8B0F /* LaunchScreen.storyboard */; };
/* End PBXBuildFile section */

/* Begin PBXFileReference section */
		7DF6742326FA1746002B8B0F /* WheelofCrystals.app */ = {isa = PBXFileReference; explicitFileType = wrapper.application; includeInIndex = 0; path = WheelofCrystals.app; sourceTree = BUILT_PRODUCTS_DIR; };
		7DF6742626FA1746002B8B0F /* AppDelegate.swift */ = {isa = PBXFileReference; lastKnownFileType = sourcecode.swift; path = AppDelegate.swift; sourceTree = "<group>"; };
		7DF6742826FA1746002B8B0F /* SceneDelegate.swift */ = {isa = PBXFileReference; lastKnownFileType = sourcecode.swift; path = SceneDelegate.swift; sourceTree = "<group>"; };
		7DF6742A26FA1746002B8B0F /* ContentView.swift */ = {isa = PBXFileReference; lastKnownFileType = sourcecode.swift; path = ContentView.swift; sourceTree = "<group>"; };
		7DF6742C26FA174E002B8B0F /* Assets.xcassets */ = {isa = PBXFileReference; lastKnownFileType = folder.assetcatalog; path = Assets.xcassets; sourceTree = "<group>"; };
		7DF6742F26FA174E002B8B0F /* Preview Assets.xcassets */ = {isa = PBXFileReference; lastKnownFileType = folder.assetcatalog; path = "Preview Assets.xcassets"; sourceTree = "<group>"; };
		7DF6743226FA174E002B8B0F /* Base */ = {isa = PBXFileReference; lastKnownFileType = file.storyboard; name = Base; path = Base.lproj/LaunchScreen.storyboard; sourceTree = "<group>"; };
		7DF6743426FA174E002B8B0F /* Info.plist */ = {isa = PBXFileReference; lastKnownFileType = text.plist.xml; path = Info.plist; sourceTree = "<group>"; };
/* End PBXFileReference section */

/* Begin PBXFrameworksBuildPhase section */
		7DF6742026FA1746002B8B0F /* Frameworks */ = {
			isa = PBXFrameworksBuildPhase;
			buildActionMask = 2147483647;
			files = (
			);
			runOnlyForDeploymentPostprocessing = 0;
		};
/* End PBXFrameworksBuildPhase section */

/* Begin PBXGroup section */
		7DF6741A26FA1746002B8B0F = {
			isa = PBXGroup;
			children = (
				7DF6742526FA1746002B8B0F /* WheelofCrystals */,
				7DF6742426FA1746002B8B0F /* Products */,
			);
			sourceTree = "<group>";
		};
		7DF6742426FA1746002B8B0F /* Products */ = {
			isa = PBXGroup;
			children = (
				7DF6742326FA1746002B8B0F /* WheelofCrystals.app */,
			);
			name = Products;
			sourceTree = "<group>";
		};
		7DF6742526FA1746002B8B0F /* WheelofCrystals */ = {
			isa = PBXGroup;
			children = (
				7DF6742626FA1746002B8B0F /* AppDelegate.swift */,
				7DF6742826FA1746002B8B0F /* SceneDelegate.swift */,
				7DF6742A26FA1746002B8B0F /* ContentView.swift */,
				7DF6742C26FA174E002B8B0F /* Assets.xcassets */,
				7DF6743126FA174E002B8B0F /* LaunchScreen.storyboard */,
				7DF6743426FA174E002B8B0F /* Info.plist */,
				7DF6742E26FA174E002B8B0F /* Preview Content */,
			);
			path = WheelofCrystals;
			sourceTree = "<group>";
		};
		7DF6742E26FA174E002B8B0F /* Preview Content */ = {
			isa = PBXGroup;
			children = (
				7DF6742F26FA174E002B8B0F /* Preview Assets.xcassets */,
			);
			path = "Preview Content";
			sourceTree = "<group>";
		};
/* End PBXGroup section */

/* Begin PBXNativeTarget section */
		7DF6742226FA1746002B8B0F /* WheelofCrystals */ = {
			isa = PBXNativeTarget;
			buildConfigurationList = 7DF6743726FA174E002B8B0F /* Build configuration list for PBXNativeTarget "WheelofCrystals" */;
			buildPhases = (
				7DF6741F26FA1746002B8B0F /* Sources */,
				7DF6742026FA1746002B8B0F /* Frameworks */,
				7DF6742126FA1746002B8B0F /* Resources */,
			);
			buildRules = (
			);
			dependencies = (
			);
			name = WheelofCrystals;
			productName = WheelofCrystals;
			productReference = 7DF6742326FA1746002B8B0F /* WheelofCrystals.app */;
			productType = "com.apple.product-type.application";
		};
/* End PBXNativeTarget section */

/* Begin PBXProject section */
		7DF6741B26FA1746002B8B0F /* Project object */ = {
			isa = PBXProject;
			attributes = {
				LastSwiftUpdateCheck = 1240;
				LastUpgradeCheck = 1240;
				TargetAttributes = {
					7DF6742226FA1746002B8B0F = {
						CreatedOnToolsVersion = 12.4;
					};
				};
			};
			buildConfigurationList = 7DF6741E26FA1746002B8B0F /* Build configuration list for PBXProject "WheelofCrystals" */;
			compatibilityVersion = "Xcode 9.3";
			developmentRegion = en;
			hasScannedForEncodings = 0;
			knownRegions = (
				en,
				Base,
			);
			mainGroup = 7DF6741A26FA1746002B8B0F;
			productRefGroup = 7DF6742426FA1746002B8B0F /* Products */;
			projectDirPath = "";
			projectRoot = "";
			targets = (
				7DF6742226FA1746002B8B0F /* WheelofCrystals */,
			);
		};
/* End PBXProject section */

/* Begin PBXResourcesBuildPhase section */
		7DF6742126FA1746002B8B0F /* Resources */ = {
			isa = PBXResourcesBuildPhase;
			buildActionMask = 2147483647;
			files = (
				7DF6743326FA174E002B8B0F /* LaunchScreen.storyboard in Resources */,
				7DF6743026FA174E002B8B0F /* Preview Assets.xcassets in Resources */,
				7DF6742D26FA174E002B8B0F /* Assets.xcassets in Resources */,
			);
			runOnlyForDeploymentPostprocessing = 0;
		};
/* End PBXResourcesBuildPhase section */

/* Begin PBXSourcesBuildPhase section */
		7DF6741F26FA1746002B8B0F /* Sources */ = {
			isa = PBXSourcesBuildPhase;
			buildActionMask = 2147483647;
			files = (
				7DF6742726FA1746002B8B0F /* AppDelegate.swift in Sources */,
				7DF6742926FA1746002B8B0F /* SceneDelegate.swift in Sources */,
				7DF6742B26FA1746002B8B0F /* ContentView.swift in Sources */,
			);
			runOnlyForDeploymentPostprocessing = 0;
		};
/* End PBXSourcesBuildPhase section */

/* Begin PBXVariantGroup section */
		7DF6743126FA174E002B8B0F /* LaunchScreen.storyboard */ = {
			isa = PBXVariantGroup;
			children = (
				7DF6743226FA174E002B8B0F /* Base */,
			);
			name = LaunchScreen.storyboard;
			sourceTree = "<group>";
		};
/* End PBXVariantGroup section */

/* Begin XCBuildConfiguration section */
		7DF6743526FA174E002B8B0F /* Debug */ = {
			isa = XCBuildConfiguration;
			buildSettings = {
				ALWAYS_SEARCH_USER_PATHS = NO;
				CLANG_ANALYZER_NONNULL = YES;
				CLANG_ANALYZER_NUMBER_OBJECT_CONVERSION = YES_AGGRESSIVE;
				CLANG_CXX_LANGUAGE_STANDARD = "gnu++14";
				CLANG_CXX_LIBRARY = "libc++";
				CLANG_ENABLE_MODULES = YES;
				CLANG_ENABLE_OBJC_ARC = YES;
				CLANG_ENABLE_OBJC_WEAK = YES;
				CLANG_WARN_BLOCK_CAPTURE_AUTORELEASING = YES;
				CLANG_WARN_BOOL_CONVERSION = YES;
				CLANG_WARN_COMMA = YES;
				CLANG_WARN_CONSTANT_CONVERSION = YES;
				CLANG_WARN_DEPRECATED_OBJC_IMPLEMENTATIONS = YES;
				CLANG_WARN_DIRECT_OBJC_ISA_USAGE = YES_ERROR;
				CLANG_WARN_DOCUMENTATION_COMMENTS = YES;
				CLANG_WARN_EMPTY_BODY = YES;
				CLANG_WARN_ENUM_CONVERSION = YES;
				CLANG_WARN_INFINITE_RECURSION = YES;
				CLANG_WARN_INT_CONVERSION = YES;
				CLANG_WARN_NON_LITERAL_NULL_CONVERSION = YES;
				CLANG_WARN_OBJC_IMPLICIT_RETAIN_SELF = YES;
				CLANG_WARN_OBJC_LITERAL_CONVERSION = YES;
				CLANG_WARN_OBJC_ROOT_CLASS = YES_ERROR;
				CLANG_WARN_QUOTED_INCLUDE_IN_FRAMEWORK_HEADER = YES;
				CLANG_WARN_RANGE_LOOP_ANALYSIS = YES;
				CLANG_WARN_STRICT_PROTOTYPES = YES;
				CLANG_WARN_SUSPICIOUS_MOVE = YES;
				CLANG_WARN_UNGUARDED_AVAILABILITY = YES_AGGRESSIVE;
				CLANG_WARN_UNREACHABLE_CODE = YES;
				CLANG_WARN__DUPLICATE_METHOD_MATCH = YES;
				COPY_PHASE_STRIP = NO;
				DEBUG_INFORMATION_FORMAT = dwarf;
				ENABLE_STRICT_OBJC_MSGSEND = YES;
				ENABLE_TESTABILITY = YES;
				GCC_C_LANGUAGE_STANDARD = gnu11;
				GCC_DYNAMIC_NO_PIC = NO;
				GCC_NO_COMMON_BLOCKS = YES;
				GCC_OPTIMIZATION_LEVEL = 0;
				GCC_PREPROCESSOR_DEFINITIONS = (
					"DEBUG=1",
					"$(inherited)",
				);
				GCC_WARN_64_TO_32_BIT_CONVERSION = YES;
				GCC_WARN_ABOUT_RETURN_TYPE = YES_ERROR;
				GCC_WARN_UNDECLARED_SELECTOR = YES;
				GCC_WARN_UNINITIALIZED_AUTOS = YES_AGGRESSIVE;
				GCC_WARN_UNUSED_FUNCTION = YES;
				GCC_WARN_UNUSED_VARIABLE = YES;
				IPHONEOS_DEPLOYMENT_TARGET = 14.4;
				MTL_ENABLE_DEBUG_INFO = INCLUDE_SOURCE;
				MTL_FAST_MATH = YES;
				ONLY_ACTIVE_ARCH = YES;
				SDKROOT = iphoneos;
				SWIFT_ACTIVE_COMPILATION_CONDITIONS = DEBUG;
				SWIFT_OPTIMIZATION_LEVEL = "-Onone";
			};
			name = Debug;
		};
		7DF6743626FA174E002B8B0F /* Release */ = {
			isa = XCBuildConfiguration;
			buildSettings = {
				ALWAYS_SEARCH_USER_PATHS = NO;
				CLANG_ANALYZER_NONNULL = YES;
				CLANG_ANALYZER_NUMBER_OBJECT_CONVERSION = YES_AGGRESSIVE;
				CLANG_CXX_LANGUAGE_STANDARD = "gnu++14";
				CLANG_CXX_LIBRARY = "libc++";
				CLANG_ENABLE_MODULES = YES;
				CLANG_ENABLE_OBJC_ARC = YES;
				CLANG_ENABLE_OBJC_WEAK = YES;
				CLANG_WARN_BLOCK_CAPTURE_AUTORELEASING = YES;
				CLANG_WARN_BOOL_CONVERSION = YES;
				CLANG_WARN_COMMA = YES;
				CLANG_WARN_CONSTANT_CONVERSION = YES;
				CLANG_WARN_DEPRECATED_OBJC_IMPLEMENTATIONS = YES;
				CLANG_WARN_DIRECT_OBJC_ISA_USAGE = YES_ERROR;
				CLANG_WARN_DOCUMENTATION_COMMENTS = YES;
				CLANG_WARN_EMPTY_BODY = YES;
				CLANG_WARN_ENUM_CONVERSION = YES;
				CLANG_WARN_INFINITE_RECURSION = YES;
				CLANG_WARN_INT_CONVERSION = YES;
				CLANG_WARN_NON_LITERAL_NULL_CONVERSION = YES;
				CLANG_WARN_OBJC_IMPLICIT_RETAIN_SELF = YES;
				CLANG_WARN_OBJC_LITERAL_CONVERSION = YES;
				CLANG_WARN_OBJC_ROOT_CLASS = YES_ERROR;
				CLANG_WARN_QUOTED_INCLUDE_IN_FRAMEWORK_HEADER = YES;
				CLANG_WARN_RANGE_LOOP_ANALYSIS = YES;
				CLANG_WARN_STRICT_PROTOTYPES = YES;
				CLANG_WARN_SUSPICIOUS_MOVE = YES;
				CLANG_WARN_UNGUARDED_AVAILABILITY = YES_AGGRESSIVE;
				CLANG_WARN_UNREACHABLE_CODE = YES;
				CLANG_WARN__DUPLICATE_METHOD_MATCH = YES;
				COPY_PHASE_STRIP = NO;
				DEBUG_INFORMATION_FORMAT = "dwarf-with-dsym";
				ENABLE_NS_ASSERTIONS = NO;
				ENABLE_STRICT_OBJC_MSGSEND = YES;
				GCC_C_LANGUAGE_STANDARD = gnu11;
				GCC_NO_COMMON_BLOCKS = YES;
				GCC_WARN_64_TO_32_BIT_CONVERSION = YES;
				GCC_WARN_ABOUT_RETURN_TYPE = YES_ERROR;
				GCC_WARN_UNDECLARED_SELECTOR = YES;
				GCC_WARN_UNINITIALIZED_AUTOS = YES_AGGRESSIVE;
				GCC_WARN_UNUSED_FUNCTION = YES;
				GCC_WARN_UNUSED_VARIABLE = YES;
				IPHONEOS_DEPLOYMENT_TARGET = 14.4;
				MTL_ENABLE_DEBUG_INFO = NO;
				MTL_FAST_MATH = YES;
				SDKROOT = iphoneos;
				SWIFT_COMPILATION_MODE = wholemodule;
				SWIFT_OPTIMIZATION_LEVEL = "-O";
				VALIDATE_PRODUCT = YES;
			};
			name = Release;
		};
		7DF6743826FA174E002B8B0F /* Debug */ = {
			isa = XCBuildConfiguration;
			buildSettings = {
				ASSETCATALOG_COMPILER_APPICON_NAME = AppIcon;
				ASSETCATALOG_COMPILER_GLOBAL_ACCENT_COLOR_NAME = AccentColor;
				CODE_SIGN_STYLE = Automatic;
				DEVELOPMENT_ASSET_PATHS = "\"WheelofCrystals/Preview Content\"";
				DEVELOPMENT_TEAM = 7K6HNZRZ36;
				ENABLE_PREVIEWS = YES;
				INFOPLIST_FILE = WheelofCrystals/Info.plist;
				LD_RUNPATH_SEARCH_PATHS = (
					"$(inherited)",
					"@executable_path/Frameworks",
				);
				PRODUCT_BUNDLE_IDENTIFIER = com.TulsaTech.WheelofCrystals;
				PRODUCT_NAME = "$(TARGET_NAME)";
				SWIFT_VERSION = 5.0;
				TARGETED_DEVICE_FAMILY = "1,2";
			};
			name = Debug;
		};
		7DF6743926FA174E002B8B0F /* Release */ = {
			isa = XCBuildConfiguration;
			buildSettings = {
				ASSETCATALOG_COMPILER_APPICON_NAME = AppIcon;
				ASSETCATALOG_COMPILER_GLOBAL_ACCENT_COLOR_NAME = AccentColor;
				CODE_SIGN_STYLE = Automatic;
				DEVELOPMENT_ASSET_PATHS = "\"WheelofCrystals/Preview Content\"";
				DEVELOPMENT_TEAM = 7K6HNZRZ36;
				ENABLE_PREVIEWS = YES;
				INFOPLIST_FILE = WheelofCrystals/Info.plist;
				LD_RUNPATH_SEARCH_PATHS = (
					"$(inherited)",
					"@executable_path/Frameworks",
				);
				PRODUCT_BUNDLE_IDENTIFIER = com.TulsaTech.WheelofCrystals;
				PRODUCT_NAME = "$(TARGET_NAME)";
				SWIFT_VERSION = 5.0;
				TARGETED_DEVICE_FAMILY = "1,2";
			};
			name = Release;
		};
/* End XCBuildConfiguration section */

/* Begin XCConfigurationList section */
		7DF6741E26FA1746002B8B0F /* Build configuration list for PBXProject "WheelofCrystals" */ = {
			isa = XCConfigurationList;
			buildConfigurations = (
				7DF6743526FA174E002B8B0F /* Debug */,
				7DF6743626FA174E002B8B0F /* Release */,
			);
			defaultConfigurationIsVisible = 0;
			defaultConfigurationName = Release;
		};
		7DF6743726FA174E002B8B0F /* Build configuration list for PBXNativeTarget "WheelofCrystals" */ = {
			isa = XCConfigurationList;
			buildConfigurations = (
				7DF6743826FA174E002B8B0F /* Debug */,
				7DF6743926FA174E002B8B0F /* Release */,
			);
			defaultConfigurationIsVisible = 0;
			defaultConfigurationName = Release;
		};
/* End XCConfigurationList section */
	};
	rootObject = 7DF6741B26FA1746002B8B0F /* Project object */;
}
